// !$*UTF8*$!
{
	archiveVersion = 1;
	classes = {
	};
	objectVersion = 52;
	objects = {

/* Begin PBXBuildFile section */
		B404C04B257038B2008B76FE /* APIService.swift in Sources */ = {isa = PBXBuildFile; fileRef = B404C04A257038B2008B76FE /* APIService.swift */; };
		B404C057257055DD008B76FE /* SearchResult.swift in Sources */ = {isa = PBXBuildFile; fileRef = B404C056257055DD008B76FE /* SearchResult.swift */; };
		B43D5E80257715D300B6A491 /* PopupVC.swift in Sources */ = {isa = PBXBuildFile; fileRef = B43D5E7F257715D300B6A491 /* PopupVC.swift */; };
		B43D5E832577169000B6A491 /* UIView.swift in Sources */ = {isa = PBXBuildFile; fileRef = B43D5E822577169000B6A491 /* UIView.swift */; };
		B43D5E8D25771F0000B6A491 /* AllImagesVC.swift in Sources */ = {isa = PBXBuildFile; fileRef = B43D5E8C25771F0000B6A491 /* AllImagesVC.swift */; };
		B47242722577C3300031AFFC /* CustomFlowLayout.swift in Sources */ = {isa = PBXBuildFile; fileRef = B47242712577C3300031AFFC /* CustomFlowLayout.swift */; };
		B47242782577D38A0031AFFC /* ImageCell.swift in Sources */ = {isa = PBXBuildFile; fileRef = B47242762577D38A0031AFFC /* ImageCell.swift */; };
		B47242792577D38A0031AFFC /* ImageCell.xib in Resources */ = {isa = PBXBuildFile; fileRef = B47242772577D38A0031AFFC /* ImageCell.xib */; };
		B472427E2577ED3B0031AFFC /* Orientation.swift in Sources */ = {isa = PBXBuildFile; fileRef = B472427D2577ED3B0031AFFC /* Orientation.swift */; };
		B47242822577F3920031AFFC /* Agrume in Frameworks */ = {isa = PBXBuildFile; productRef = B47242812577F3920031AFFC /* Agrume */; };
		B47242852577F7040031AFFC /* UIViewController.swift in Sources */ = {isa = PBXBuildFile; fileRef = B47242842577F7040031AFFC /* UIViewController.swift */; };
		B47242882577F8D60031AFFC /* UIColor.swift in Sources */ = {isa = PBXBuildFile; fileRef = B47242872577F8D60031AFFC /* UIColor.swift */; };
		B4724290257806DA0031AFFC /* ImageOverlayView.xib in Resources */ = {isa = PBXBuildFile; fileRef = B472428F257806D90031AFFC /* ImageOverlayView.xib */; };
		B47242932578070A0031AFFC /* ImageOverlayView.swift in Sources */ = {isa = PBXBuildFile; fileRef = B47242922578070A0031AFFC /* ImageOverlayView.swift */; };
		B49CEE752575B1560094CEC6 /* UserDefaults.swift in Sources */ = {isa = PBXBuildFile; fileRef = B49CEE742575B1560094CEC6 /* UserDefaults.swift */; };
		B4A7845D257026BB007CBB78 /* AppDelegate.swift in Sources */ = {isa = PBXBuildFile; fileRef = B4A7845C257026BB007CBB78 /* AppDelegate.swift */; };
		B4A7845F257026BB007CBB78 /* SceneDelegate.swift in Sources */ = {isa = PBXBuildFile; fileRef = B4A7845E257026BB007CBB78 /* SceneDelegate.swift */; };
		B4A78461257026BB007CBB78 /* KeywordsManagerVC.swift in Sources */ = {isa = PBXBuildFile; fileRef = B4A78460257026BB007CBB78 /* KeywordsManagerVC.swift */; };
		B4A78464257026BB007CBB78 /* Main.storyboard in Resources */ = {isa = PBXBuildFile; fileRef = B4A78462257026BB007CBB78 /* Main.storyboard */; };
		B4A78466257026BC007CBB78 /* Assets.xcassets in Resources */ = {isa = PBXBuildFile; fileRef = B4A78465257026BC007CBB78 /* Assets.xcassets */; };
		B4A78469257026BC007CBB78 /* LaunchScreen.storyboard in Resources */ = {isa = PBXBuildFile; fileRef = B4A78467257026BC007CBB78 /* LaunchScreen.storyboard */; };
		B4D5FE7B2572CAC90057C141 /* PreviewImageSearchCell.swift in Sources */ = {isa = PBXBuildFile; fileRef = B4D5FE792572CAC90057C141 /* PreviewImageSearchCell.swift */; };
		B4D5FE7C2572CAC90057C141 /* PreviewImageSearchCell.xib in Resources */ = {isa = PBXBuildFile; fileRef = B4D5FE7A2572CAC90057C141 /* PreviewImageSearchCell.xib */; };
		B4D5FE872572D31C0057C141 /* ResultImage.swift in Sources */ = {isa = PBXBuildFile; fileRef = B4D5FE862572D31C0057C141 /* ResultImage.swift */; };
		B4D5FE8A2572D3440057C141 /* ResultItem.swift in Sources */ = {isa = PBXBuildFile; fileRef = B4D5FE892572D3440057C141 /* ResultItem.swift */; };
		B4D5FE9A2572E7C70057C141 /* SearchResultsVC.swift in Sources */ = {isa = PBXBuildFile; fileRef = B4D5FE992572E7C70057C141 /* SearchResultsVC.swift */; };
		B4D6C87E2573F8FA00DAEFC1 /* Nuke in Frameworks */ = {isa = PBXBuildFile; productRef = B4D6C87D2573F8FA00DAEFC1 /* Nuke */; };
		B4D6C88825741C8F00DAEFC1 /* KeywordCell.swift in Sources */ = {isa = PBXBuildFile; fileRef = B4D6C88725741C8F00DAEFC1 /* KeywordCell.swift */; };
		B4DF836125751FA100BDF6EC /* Keyword.swift in Sources */ = {isa = PBXBuildFile; fileRef = B4DF836025751FA100BDF6EC /* Keyword.swift */; };
		B4DF836425751FC200BDF6EC /* KeywordsViewModel.swift in Sources */ = {isa = PBXBuildFile; fileRef = B4DF836325751FC200BDF6EC /* KeywordsViewModel.swift */; };
		B4F0E17125764E890046BD56 /* UIButton.swift in Sources */ = {isa = PBXBuildFile; fileRef = B4F0E17025764E890046BD56 /* UIButton.swift */; };
		B4F0E1822576B6CF0046BD56 /* .gitignore in Resources */ = {isa = PBXBuildFile; fileRef = B4F0E1812576B6CF0046BD56 /* .gitignore */; };
		B4F0E1BB2576F71E0046BD56 /* SectionHeader.swift in Sources */ = {isa = PBXBuildFile; fileRef = B4F0E1B92576F71E0046BD56 /* SectionHeader.swift */; };
		B4F0E1BC2576F71E0046BD56 /* SectionHeader.xib in Resources */ = {isa = PBXBuildFile; fileRef = B4F0E1BA2576F71E0046BD56 /* SectionHeader.xib */; };
		B4F0E1C32576FF530046BD56 /* SectionFooter.swift in Sources */ = {isa = PBXBuildFile; fileRef = B4F0E1C12576FF530046BD56 /* SectionFooter.swift */; };
		B4F0E1C42576FF530046BD56 /* SectionFooter.xib in Resources */ = {isa = PBXBuildFile; fileRef = B4F0E1C22576FF530046BD56 /* SectionFooter.xib */; };
/* End PBXBuildFile section */

/* Begin PBXFileReference section */
		B404C04A257038B2008B76FE /* APIService.swift */ = {isa = PBXFileReference; lastKnownFileType = sourcecode.swift; path = APIService.swift; sourceTree = "<group>"; };
		B404C056257055DD008B76FE /* SearchResult.swift */ = {isa = PBXFileReference; lastKnownFileType = sourcecode.swift; path = SearchResult.swift; sourceTree = "<group>"; };
		B43D5E7F257715D300B6A491 /* PopupVC.swift */ = {isa = PBXFileReference; lastKnownFileType = sourcecode.swift; path = PopupVC.swift; sourceTree = "<group>"; };
		B43D5E822577169000B6A491 /* UIView.swift */ = {isa = PBXFileReference; lastKnownFileType = sourcecode.swift; path = UIView.swift; sourceTree = "<group>"; };
		B43D5E8C25771F0000B6A491 /* AllImagesVC.swift */ = {isa = PBXFileReference; lastKnownFileType = sourcecode.swift; path = AllImagesVC.swift; sourceTree = "<group>"; };
		B47242712577C3300031AFFC /* CustomFlowLayout.swift */ = {isa = PBXFileReference; lastKnownFileType = sourcecode.swift; path = CustomFlowLayout.swift; sourceTree = "<group>"; };
		B47242762577D38A0031AFFC /* ImageCell.swift */ = {isa = PBXFileReference; lastKnownFileType = sourcecode.swift; path = ImageCell.swift; sourceTree = "<group>"; };
		B47242772577D38A0031AFFC /* ImageCell.xib */ = {isa = PBXFileReference; lastKnownFileType = file.xib; path = ImageCell.xib; sourceTree = "<group>"; };
		B472427D2577ED3B0031AFFC /* Orientation.swift */ = {isa = PBXFileReference; lastKnownFileType = sourcecode.swift; path = Orientation.swift; sourceTree = "<group>"; };
		B47242842577F7040031AFFC /* UIViewController.swift */ = {isa = PBXFileReference; lastKnownFileType = sourcecode.swift; path = UIViewController.swift; sourceTree = "<group>"; };
		B47242872577F8D60031AFFC /* UIColor.swift */ = {isa = PBXFileReference; lastKnownFileType = sourcecode.swift; path = UIColor.swift; sourceTree = "<group>"; };
		B472428F257806D90031AFFC /* ImageOverlayView.xib */ = {isa = PBXFileReference; lastKnownFileType = file.xib; path = ImageOverlayView.xib; sourceTree = "<group>"; };
		B47242922578070A0031AFFC /* ImageOverlayView.swift */ = {isa = PBXFileReference; lastKnownFileType = sourcecode.swift; path = ImageOverlayView.swift; sourceTree = "<group>"; };
		B49CEE742575B1560094CEC6 /* UserDefaults.swift */ = {isa = PBXFileReference; lastKnownFileType = sourcecode.swift; path = UserDefaults.swift; sourceTree = "<group>"; };
		B4A78459257026BB007CBB78 /* Image Multi Search.app */ = {isa = PBXFileReference; explicitFileType = wrapper.application; includeInIndex = 0; path = "Image Multi Search.app"; sourceTree = BUILT_PRODUCTS_DIR; };
		B4A7845C257026BB007CBB78 /* AppDelegate.swift */ = {isa = PBXFileReference; lastKnownFileType = sourcecode.swift; path = AppDelegate.swift; sourceTree = "<group>"; };
		B4A7845E257026BB007CBB78 /* SceneDelegate.swift */ = {isa = PBXFileReference; lastKnownFileType = sourcecode.swift; path = SceneDelegate.swift; sourceTree = "<group>"; };
		B4A78460257026BB007CBB78 /* KeywordsManagerVC.swift */ = {isa = PBXFileReference; lastKnownFileType = sourcecode.swift; path = KeywordsManagerVC.swift; sourceTree = "<group>"; };
		B4A78463257026BB007CBB78 /* Base */ = {isa = PBXFileReference; lastKnownFileType = file.storyboard; name = Base; path = Base.lproj/Main.storyboard; sourceTree = "<group>"; };
		B4A78465257026BC007CBB78 /* Assets.xcassets */ = {isa = PBXFileReference; lastKnownFileType = folder.assetcatalog; path = Assets.xcassets; sourceTree = "<group>"; };
		B4A78468257026BC007CBB78 /* Base */ = {isa = PBXFileReference; lastKnownFileType = file.storyboard; name = Base; path = Base.lproj/LaunchScreen.storyboard; sourceTree = "<group>"; };
		B4A7846A257026BC007CBB78 /* Info.plist */ = {isa = PBXFileReference; lastKnownFileType = text.plist.xml; path = Info.plist; sourceTree = "<group>"; };
		B4D5FE792572CAC90057C141 /* PreviewImageSearchCell.swift */ = {isa = PBXFileReference; lastKnownFileType = sourcecode.swift; path = PreviewImageSearchCell.swift; sourceTree = "<group>"; };
		B4D5FE7A2572CAC90057C141 /* PreviewImageSearchCell.xib */ = {isa = PBXFileReference; lastKnownFileType = file.xib; path = PreviewImageSearchCell.xib; sourceTree = "<group>"; };
		B4D5FE862572D31C0057C141 /* ResultImage.swift */ = {isa = PBXFileReference; lastKnownFileType = sourcecode.swift; path = ResultImage.swift; sourceTree = "<group>"; };
		B4D5FE892572D3440057C141 /* ResultItem.swift */ = {isa = PBXFileReference; lastKnownFileType = sourcecode.swift; path = ResultItem.swift; sourceTree = "<group>"; };
		B4D5FE992572E7C70057C141 /* SearchResultsVC.swift */ = {isa = PBXFileReference; lastKnownFileType = sourcecode.swift; path = SearchResultsVC.swift; sourceTree = "<group>"; };
		B4D6C88725741C8F00DAEFC1 /* KeywordCell.swift */ = {isa = PBXFileReference; lastKnownFileType = sourcecode.swift; path = KeywordCell.swift; sourceTree = "<group>"; };
		B4DF836025751FA100BDF6EC /* Keyword.swift */ = {isa = PBXFileReference; lastKnownFileType = sourcecode.swift; path = Keyword.swift; sourceTree = "<group>"; };
		B4DF836325751FC200BDF6EC /* KeywordsViewModel.swift */ = {isa = PBXFileReference; lastKnownFileType = sourcecode.swift; path = KeywordsViewModel.swift; sourceTree = "<group>"; };
		B4F0E17025764E890046BD56 /* UIButton.swift */ = {isa = PBXFileReference; lastKnownFileType = sourcecode.swift; path = UIButton.swift; sourceTree = "<group>"; };
		B4F0E1812576B6CF0046BD56 /* .gitignore */ = {isa = PBXFileReference; fileEncoding = 4; lastKnownFileType = text; path = .gitignore; sourceTree = "<group>"; };
		B4F0E1B92576F71E0046BD56 /* SectionHeader.swift */ = {isa = PBXFileReference; lastKnownFileType = sourcecode.swift; path = SectionHeader.swift; sourceTree = "<group>"; };
		B4F0E1BA2576F71E0046BD56 /* SectionHeader.xib */ = {isa = PBXFileReference; lastKnownFileType = file.xib; path = SectionHeader.xib; sourceTree = "<group>"; };
		B4F0E1C12576FF530046BD56 /* SectionFooter.swift */ = {isa = PBXFileReference; lastKnownFileType = sourcecode.swift; path = SectionFooter.swift; sourceTree = "<group>"; };
		B4F0E1C22576FF530046BD56 /* SectionFooter.xib */ = {isa = PBXFileReference; lastKnownFileType = file.xib; path = SectionFooter.xib; sourceTree = "<group>"; };
/* End PBXFileReference section */

/* Begin PBXFrameworksBuildPhase section */
		B4A78456257026BB007CBB78 /* Frameworks */ = {
			isa = PBXFrameworksBuildPhase;
			buildActionMask = 2147483647;
			files = (
				B4D6C87E2573F8FA00DAEFC1 /* Nuke in Frameworks */,
				B47242822577F3920031AFFC /* Agrume in Frameworks */,
			);
			runOnlyForDeploymentPostprocessing = 0;
		};
/* End PBXFrameworksBuildPhase section */

/* Begin PBXGroup section */
		B404C0422570362E008B76FE /* Models */ = {
			isa = PBXGroup;
			children = (
				B404C056257055DD008B76FE /* SearchResult.swift */,
				B4D5FE892572D3440057C141 /* ResultItem.swift */,
				B4D5FE862572D31C0057C141 /* ResultImage.swift */,
				B4DF836025751FA100BDF6EC /* Keyword.swift */,
			);
			path = Models;
			sourceTree = "<group>";
		};
		B404C04325703678008B76FE /* Controllers */ = {
			isa = PBXGroup;
			children = (
				B4A78460257026BB007CBB78 /* KeywordsManagerVC.swift */,
				B43D5E7F257715D300B6A491 /* PopupVC.swift */,
				B4D5FE992572E7C70057C141 /* SearchResultsVC.swift */,
				B43D5E8C25771F0000B6A491 /* AllImagesVC.swift */,
			);
			path = Controllers;
			sourceTree = "<group>";
		};
		B404C0442570387F008B76FE /* Utilities */ = {
			isa = PBXGroup;
			children = (
				B404C04A257038B2008B76FE /* APIService.swift */,
			);
			path = Utilities;
			sourceTree = "<group>";
		};
		B404C04D25703C2F008B76FE /* Extensions */ = {
			isa = PBXGroup;
			children = (
				B49CEE742575B1560094CEC6 /* UserDefaults.swift */,
				B4F0E17025764E890046BD56 /* UIButton.swift */,
				B43D5E822577169000B6A491 /* UIView.swift */,
				B472427D2577ED3B0031AFFC /* Orientation.swift */,
				B47242842577F7040031AFFC /* UIViewController.swift */,
				B47242872577F8D60031AFFC /* UIColor.swift */,
			);
			path = Extensions;
			sourceTree = "<group>";
		};
		B472426E2577BE130031AFFC /* AllResultsVC */ = {
			isa = PBXGroup;
			children = (
				B47242772577D38A0031AFFC /* ImageCell.xib */,
				B47242762577D38A0031AFFC /* ImageCell.swift */,
			);
			path = AllResultsVC;
			sourceTree = "<group>";
		};
		B47242702577C3200031AFFC /* Layout */ = {
			isa = PBXGroup;
			children = (
				B47242712577C3300031AFFC /* CustomFlowLayout.swift */,
			);
			path = Layout;
			sourceTree = "<group>";
		};
		B4A78450257026BB007CBB78 = {
			isa = PBXGroup;
			children = (
				B4F0E1812576B6CF0046BD56 /* .gitignore */,
				B4A7845B257026BB007CBB78 /* Image Multi Search */,
				B4A7845A257026BB007CBB78 /* Products */,
			);
			sourceTree = "<group>";
		};
		B4A7845A257026BB007CBB78 /* Products */ = {
			isa = PBXGroup;
			children = (
				B4A78459257026BB007CBB78 /* Image Multi Search.app */,
			);
			name = Products;
			sourceTree = "<group>";
		};
		B4A7845B257026BB007CBB78 /* Image Multi Search */ = {
			isa = PBXGroup;
			children = (
				B4A7845C257026BB007CBB78 /* AppDelegate.swift */,
				B4A7845E257026BB007CBB78 /* SceneDelegate.swift */,
				B404C04D25703C2F008B76FE /* Extensions */,
				B47242702577C3200031AFFC /* Layout */,
				B404C0442570387F008B76FE /* Utilities */,
				B4D5FE7625728D800057C141 /* Views */,
				B404C0422570362E008B76FE /* Models */,
				B4DF836625751FC500BDF6EC /* ViewModel */,
				B404C04325703678008B76FE /* Controllers */,
				B4A78462257026BB007CBB78 /* Main.storyboard */,
				B4A78465257026BC007CBB78 /* Assets.xcassets */,
				B4A78467257026BC007CBB78 /* LaunchScreen.storyboard */,
				B4A7846A257026BC007CBB78 /* Info.plist */,
			);
			path = "Image Multi Search";
			sourceTree = "<group>";
		};
		B4D5FE7625728D800057C141 /* Views */ = {
			isa = PBXGroup;
			children = (
				B4F0E1A12576EC250046BD56 /* KeywordsManagerVC */,
				B4F0E1A22576EC3B0046BD56 /* SearchResultsVC */,
				B472426E2577BE130031AFFC /* AllResultsVC */,
				B472428F257806D90031AFFC /* ImageOverlayView.xib */,
				B47242922578070A0031AFFC /* ImageOverlayView.swift */,
			);
			path = Views;
			sourceTree = "<group>";
		};
		B4DF836625751FC500BDF6EC /* ViewModel */ = {
			isa = PBXGroup;
			children = (
				B4DF836325751FC200BDF6EC /* KeywordsViewModel.swift */,
			);
			path = ViewModel;
			sourceTree = "<group>";
		};
		B4F0E1A12576EC250046BD56 /* KeywordsManagerVC */ = {
			isa = PBXGroup;
			children = (
				B4D6C88725741C8F00DAEFC1 /* KeywordCell.swift */,
			);
			path = KeywordsManagerVC;
			sourceTree = "<group>";
		};
		B4F0E1A22576EC3B0046BD56 /* SearchResultsVC */ = {
			isa = PBXGroup;
			children = (
				B4F0E1BA2576F71E0046BD56 /* SectionHeader.xib */,
				B4F0E1B92576F71E0046BD56 /* SectionHeader.swift */,
				B4D5FE7A2572CAC90057C141 /* PreviewImageSearchCell.xib */,
				B4D5FE792572CAC90057C141 /* PreviewImageSearchCell.swift */,
				B4F0E1C22576FF530046BD56 /* SectionFooter.xib */,
				B4F0E1C12576FF530046BD56 /* SectionFooter.swift */,
			);
			path = SearchResultsVC;
			sourceTree = "<group>";
		};
/* End PBXGroup section */

/* Begin PBXNativeTarget section */
		B4A78458257026BB007CBB78 /* Image Multi Search */ = {
			isa = PBXNativeTarget;
			buildConfigurationList = B4A7846D257026BC007CBB78 /* Build configuration list for PBXNativeTarget "Image Multi Search" */;
			buildPhases = (
				B4A78455257026BB007CBB78 /* Sources */,
				B4A78456257026BB007CBB78 /* Frameworks */,
				B4A78457257026BB007CBB78 /* Resources */,
				B4D6C85E2573955700DAEFC1 /* Swiftlint */,
				B4F0E1852576BA0A0046BD56 /* ShellScript */,
			);
			buildRules = (
			);
			dependencies = (
			);
			name = "Image Multi Search";
			packageProductDependencies = (
				B4D6C87D2573F8FA00DAEFC1 /* Nuke */,
				B47242812577F3920031AFFC /* Agrume */,
			);
			productName = PhotoViewerApp;
			productReference = B4A78459257026BB007CBB78 /* Image Multi Search.app */;
			productType = "com.apple.product-type.application";
		};
/* End PBXNativeTarget section */

/* Begin PBXProject section */
		B4A78451257026BB007CBB78 /* Project object */ = {
			isa = PBXProject;
			attributes = {
				LastSwiftUpdateCheck = 1220;
				LastUpgradeCheck = 1220;
				TargetAttributes = {
					B4A78458257026BB007CBB78 = {
						CreatedOnToolsVersion = 12.2;
					};
				};
			};
			buildConfigurationList = B4A78454257026BB007CBB78 /* Build configuration list for PBXProject "Image Multi Search" */;
			compatibilityVersion = "Xcode 9.3";
			developmentRegion = en;
			hasScannedForEncodings = 0;
			knownRegions = (
				en,
				Base,
			);
			mainGroup = B4A78450257026BB007CBB78;
			packageReferences = (
				B4D6C87C2573F8FA00DAEFC1 /* XCRemoteSwiftPackageReference "Nuke" */,
				B47242802577F3920031AFFC /* XCRemoteSwiftPackageReference "Agrume" */,
			);
			productRefGroup = B4A7845A257026BB007CBB78 /* Products */;
			projectDirPath = "";
			projectRoot = "";
			targets = (
				B4A78458257026BB007CBB78 /* Image Multi Search */,
			);
		};
/* End PBXProject section */

/* Begin PBXResourcesBuildPhase section */
		B4A78457257026BB007CBB78 /* Resources */ = {
			isa = PBXResourcesBuildPhase;
			buildActionMask = 2147483647;
			files = (
				B4F0E1C42576FF530046BD56 /* SectionFooter.xib in Resources */,
				B47242792577D38A0031AFFC /* ImageCell.xib in Resources */,
				B4A78469257026BC007CBB78 /* LaunchScreen.storyboard in Resources */,
				B4A78466257026BC007CBB78 /* Assets.xcassets in Resources */,
				B4D5FE7C2572CAC90057C141 /* PreviewImageSearchCell.xib in Resources */,
				B4F0E1822576B6CF0046BD56 /* .gitignore in Resources */,
				B4A78464257026BB007CBB78 /* Main.storyboard in Resources */,
				B4F0E1BC2576F71E0046BD56 /* SectionHeader.xib in Resources */,
				B4724290257806DA0031AFFC /* ImageOverlayView.xib in Resources */,
			);
			runOnlyForDeploymentPostprocessing = 0;
		};
/* End PBXResourcesBuildPhase section */

/* Begin PBXShellScriptBuildPhase section */
		B4D6C85E2573955700DAEFC1 /* Swiftlint */ = {
			isa = PBXShellScriptBuildPhase;
			buildActionMask = 2147483647;
			files = (
			);
			inputFileListPaths = (
			);
			inputPaths = (
			);
			name = Swiftlint;
			outputFileListPaths = (
			);
			outputPaths = (
			);
			runOnlyForDeploymentPostprocessing = 0;
			shellPath = /bin/sh;
			shellScript = "if which swiftlint >/dev/null; then\n  swiftlint\nelse\n  echo \"warning: SwiftLint not installed, download from https://github.com/realm/SwiftLint\"\nfi\n";
		};
		B4F0E1852576BA0A0046BD56 /* ShellScript */ = {
			isa = PBXShellScriptBuildPhase;
			buildActionMask = 2147483647;
			files = (
			);
			inputFileListPaths = (
			);
			inputPaths = (
			);
			outputFileListPaths = (
			);
			outputPaths = (
			);
			runOnlyForDeploymentPostprocessing = 0;
			shellPath = /bin/sh;
			shellScript = "PLIST_FILE=\"GoogleCustomSearch-Info.plist\"\nPLIST_PATH=\"${PROJECT_DIR}/${PLIST_FILE}\"\ncp \"${PLIST_PATH}\" \"${CONFIGURATION_BUILD_DIR}/${CONTENTS_FOLDER_PATH}/GoogleCustomSearch-Info.plist\"\n";
		};
/* End PBXShellScriptBuildPhase section */

/* Begin PBXSourcesBuildPhase section */
		B4A78455257026BB007CBB78 /* Sources */ = {
			isa = PBXSourcesBuildPhase;
			buildActionMask = 2147483647;
			files = (
				B4D5FE8A2572D3440057C141 /* ResultItem.swift in Sources */,
				B4DF836125751FA100BDF6EC /* Keyword.swift in Sources */,
				B4F0E1C32576FF530046BD56 /* SectionFooter.swift in Sources */,
				B47242722577C3300031AFFC /* CustomFlowLayout.swift in Sources */,
				B404C04B257038B2008B76FE /* APIService.swift in Sources */,
				B47242782577D38A0031AFFC /* ImageCell.swift in Sources */,
				B47242852577F7040031AFFC /* UIViewController.swift in Sources */,
				B4D5FE9A2572E7C70057C141 /* SearchResultsVC.swift in Sources */,
				B43D5E80257715D300B6A491 /* PopupVC.swift in Sources */,
				B4F0E17125764E890046BD56 /* UIButton.swift in Sources */,
				B4DF836425751FC200BDF6EC /* KeywordsViewModel.swift in Sources */,
				B4D6C88825741C8F00DAEFC1 /* KeywordCell.swift in Sources */,
				B47242932578070A0031AFFC /* ImageOverlayView.swift in Sources */,
				B4D5FE7B2572CAC90057C141 /* PreviewImageSearchCell.swift in Sources */,
				B47242882577F8D60031AFFC /* UIColor.swift in Sources */,
				B43D5E8D25771F0000B6A491 /* AllImagesVC.swift in Sources */,
				B404C057257055DD008B76FE /* SearchResult.swift in Sources */,
				B4A78461257026BB007CBB78 /* KeywordsManagerVC.swift in Sources */,
				B43D5E832577169000B6A491 /* UIView.swift in Sources */,
				B4A7845D257026BB007CBB78 /* AppDelegate.swift in Sources */,
				B4F0E1BB2576F71E0046BD56 /* SectionHeader.swift in Sources */,
				B4A7845F257026BB007CBB78 /* SceneDelegate.swift in Sources */,
				B49CEE752575B1560094CEC6 /* UserDefaults.swift in Sources */,
				B472427E2577ED3B0031AFFC /* Orientation.swift in Sources */,
				B4D5FE872572D31C0057C141 /* ResultImage.swift in Sources */,
			);
			runOnlyForDeploymentPostprocessing = 0;
		};
/* End PBXSourcesBuildPhase section */

/* Begin PBXVariantGroup section */
		B4A78462257026BB007CBB78 /* Main.storyboard */ = {
			isa = PBXVariantGroup;
			children = (
				B4A78463257026BB007CBB78 /* Base */,
			);
			name = Main.storyboard;
			sourceTree = "<group>";
		};
		B4A78467257026BC007CBB78 /* LaunchScreen.storyboard */ = {
			isa = PBXVariantGroup;
			children = (
				B4A78468257026BC007CBB78 /* Base */,
			);
			name = LaunchScreen.storyboard;
			sourceTree = "<group>";
		};
/* End PBXVariantGroup section */

/* Begin XCBuildConfiguration section */
		B4A7846B257026BC007CBB78 /* Debug */ = {
			isa = XCBuildConfiguration;
			buildSettings = {
				ALWAYS_SEARCH_USER_PATHS = NO;
				CLANG_ANALYZER_NONNULL = YES;
				CLANG_ANALYZER_NUMBER_OBJECT_CONVERSION = YES_AGGRESSIVE;
				CLANG_CXX_LANGUAGE_STANDARD = "gnu++14";
				CLANG_CXX_LIBRARY = "libc++";
				CLANG_ENABLE_MODULES = YES;
				CLANG_ENABLE_OBJC_ARC = YES;
				CLANG_ENABLE_OBJC_WEAK = YES;
				CLANG_WARN_BLOCK_CAPTURE_AUTORELEASING = YES;
				CLANG_WARN_BOOL_CONVERSION = YES;
				CLANG_WARN_COMMA = YES;
				CLANG_WARN_CONSTANT_CONVERSION = YES;
				CLANG_WARN_DEPRECATED_OBJC_IMPLEMENTATIONS = YES;
				CLANG_WARN_DIRECT_OBJC_ISA_USAGE = YES_ERROR;
				CLANG_WARN_DOCUMENTATION_COMMENTS = YES;
				CLANG_WARN_EMPTY_BODY = YES;
				CLANG_WARN_ENUM_CONVERSION = YES;
				CLANG_WARN_INFINITE_RECURSION = YES;
				CLANG_WARN_INT_CONVERSION = YES;
				CLANG_WARN_NON_LITERAL_NULL_CONVERSION = YES;
				CLANG_WARN_OBJC_IMPLICIT_RETAIN_SELF = YES;
				CLANG_WARN_OBJC_LITERAL_CONVERSION = YES;
				CLANG_WARN_OBJC_ROOT_CLASS = YES_ERROR;
				CLANG_WARN_QUOTED_INCLUDE_IN_FRAMEWORK_HEADER = YES;
				CLANG_WARN_RANGE_LOOP_ANALYSIS = YES;
				CLANG_WARN_STRICT_PROTOTYPES = YES;
				CLANG_WARN_SUSPICIOUS_MOVE = YES;
				CLANG_WARN_UNGUARDED_AVAILABILITY = YES_AGGRESSIVE;
				CLANG_WARN_UNREACHABLE_CODE = YES;
				CLANG_WARN__DUPLICATE_METHOD_MATCH = YES;
				COPY_PHASE_STRIP = NO;
				DEBUG_INFORMATION_FORMAT = dwarf;
				ENABLE_STRICT_OBJC_MSGSEND = YES;
				ENABLE_TESTABILITY = YES;
				GCC_C_LANGUAGE_STANDARD = gnu11;
				GCC_DYNAMIC_NO_PIC = NO;
				GCC_NO_COMMON_BLOCKS = YES;
				GCC_OPTIMIZATION_LEVEL = 0;
				GCC_PREPROCESSOR_DEFINITIONS = (
					"DEBUG=1",
					"$(inherited)",
				);
				GCC_WARN_64_TO_32_BIT_CONVERSION = YES;
				GCC_WARN_ABOUT_RETURN_TYPE = YES_ERROR;
				GCC_WARN_UNDECLARED_SELECTOR = YES;
				GCC_WARN_UNINITIALIZED_AUTOS = YES_AGGRESSIVE;
				GCC_WARN_UNUSED_FUNCTION = YES;
				GCC_WARN_UNUSED_VARIABLE = YES;
				IPHONEOS_DEPLOYMENT_TARGET = 13.0;
				MTL_ENABLE_DEBUG_INFO = INCLUDE_SOURCE;
				MTL_FAST_MATH = YES;
				ONLY_ACTIVE_ARCH = YES;
				SDKROOT = iphoneos;
				SWIFT_ACTIVE_COMPILATION_CONDITIONS = DEBUG;
				SWIFT_OPTIMIZATION_LEVEL = "-Onone";
			};
			name = Debug;
		};
		B4A7846C257026BC007CBB78 /* Release */ = {
			isa = XCBuildConfiguration;
			buildSettings = {
				ALWAYS_SEARCH_USER_PATHS = NO;
				CLANG_ANALYZER_NONNULL = YES;
				CLANG_ANALYZER_NUMBER_OBJECT_CONVERSION = YES_AGGRESSIVE;
				CLANG_CXX_LANGUAGE_STANDARD = "gnu++14";
				CLANG_CXX_LIBRARY = "libc++";
				CLANG_ENABLE_MODULES = YES;
				CLANG_ENABLE_OBJC_ARC = YES;
				CLANG_ENABLE_OBJC_WEAK = YES;
				CLANG_WARN_BLOCK_CAPTURE_AUTORELEASING = YES;
				CLANG_WARN_BOOL_CONVERSION = YES;
				CLANG_WARN_COMMA = YES;
				CLANG_WARN_CONSTANT_CONVERSION = YES;
				CLANG_WARN_DEPRECATED_OBJC_IMPLEMENTATIONS = YES;
				CLANG_WARN_DIRECT_OBJC_ISA_USAGE = YES_ERROR;
				CLANG_WARN_DOCUMENTATION_COMMENTS = YES;
				CLANG_WARN_EMPTY_BODY = YES;
				CLANG_WARN_ENUM_CONVERSION = YES;
				CLANG_WARN_INFINITE_RECURSION = YES;
				CLANG_WARN_INT_CONVERSION = YES;
				CLANG_WARN_NON_LITERAL_NULL_CONVERSION = YES;
				CLANG_WARN_OBJC_IMPLICIT_RETAIN_SELF = YES;
				CLANG_WARN_OBJC_LITERAL_CONVERSION = YES;
				CLANG_WARN_OBJC_ROOT_CLASS = YES_ERROR;
				CLANG_WARN_QUOTED_INCLUDE_IN_FRAMEWORK_HEADER = YES;
				CLANG_WARN_RANGE_LOOP_ANALYSIS = YES;
				CLANG_WARN_STRICT_PROTOTYPES = YES;
				CLANG_WARN_SUSPICIOUS_MOVE = YES;
				CLANG_WARN_UNGUARDED_AVAILABILITY = YES_AGGRESSIVE;
				CLANG_WARN_UNREACHABLE_CODE = YES;
				CLANG_WARN__DUPLICATE_METHOD_MATCH = YES;
				COPY_PHASE_STRIP = NO;
				DEBUG_INFORMATION_FORMAT = "dwarf-with-dsym";
				ENABLE_NS_ASSERTIONS = NO;
				ENABLE_STRICT_OBJC_MSGSEND = YES;
				GCC_C_LANGUAGE_STANDARD = gnu11;
				GCC_NO_COMMON_BLOCKS = YES;
				GCC_WARN_64_TO_32_BIT_CONVERSION = YES;
				GCC_WARN_ABOUT_RETURN_TYPE = YES_ERROR;
				GCC_WARN_UNDECLARED_SELECTOR = YES;
				GCC_WARN_UNINITIALIZED_AUTOS = YES_AGGRESSIVE;
				GCC_WARN_UNUSED_FUNCTION = YES;
				GCC_WARN_UNUSED_VARIABLE = YES;
				IPHONEOS_DEPLOYMENT_TARGET = 13.0;
				MTL_ENABLE_DEBUG_INFO = NO;
				MTL_FAST_MATH = YES;
				SDKROOT = iphoneos;
				SWIFT_COMPILATION_MODE = wholemodule;
				SWIFT_OPTIMIZATION_LEVEL = "-O";
				VALIDATE_PRODUCT = YES;
			};
			name = Release;
		};
		B4A7846E257026BC007CBB78 /* Debug */ = {
			isa = XCBuildConfiguration;
			buildSettings = {
				ASSETCATALOG_COMPILER_APPICON_NAME = AppIcon;
				CODE_SIGN_STYLE = Automatic;
				CURRENT_PROJECT_VERSION = 10;
				DEVELOPMENT_TEAM = JBF2VBD96C;
				INFOPLIST_FILE = "$(SRCROOT)/Image Multi Search/Info.plist";
				LD_RUNPATH_SEARCH_PATHS = (
					"$(inherited)",
					"@executable_path/Frameworks",
				);
				MARKETING_VERSION = 1.0.0;
				PRODUCT_BUNDLE_IDENTIFIER = "com.alexlykesas.image-multi-search";
				PRODUCT_NAME = "$(TARGET_NAME)";
				SWIFT_VERSION = 5.0;
				TARGETED_DEVICE_FAMILY = "1,2";
			};
			name = Debug;
		};
		B4A7846F257026BC007CBB78 /* Release */ = {
			isa = XCBuildConfiguration;
			buildSettings = {
				ASSETCATALOG_COMPILER_APPICON_NAME = AppIcon;
				CODE_SIGN_STYLE = Automatic;
				CURRENT_PROJECT_VERSION = 10;
				DEVELOPMENT_TEAM = JBF2VBD96C;
				INFOPLIST_FILE = "$(SRCROOT)/Image Multi Search/Info.plist";
				LD_RUNPATH_SEARCH_PATHS = (
					"$(inherited)",
					"@executable_path/Frameworks",
				);
				MARKETING_VERSION = 1.0.0;
				PRODUCT_BUNDLE_IDENTIFIER = "com.alexlykesas.image-multi-search";
				PRODUCT_NAME = "$(TARGET_NAME)";
				SWIFT_VERSION = 5.0;
				TARGETED_DEVICE_FAMILY = "1,2";
			};
			name = Release;
		};
/* End XCBuildConfiguration section */

/* Begin XCConfigurationList section */
		B4A78454257026BB007CBB78 /* Build configuration list for PBXProject "Image Multi Search" */ = {
			isa = XCConfigurationList;
			buildConfigurations = (
				B4A7846B257026BC007CBB78 /* Debug */,
				B4A7846C257026BC007CBB78 /* Release */,
			);
			defaultConfigurationIsVisible = 0;
			defaultConfigurationName = Release;
		};
		B4A7846D257026BC007CBB78 /* Build configuration list for PBXNativeTarget "Image Multi Search" */ = {
			isa = XCConfigurationList;
			buildConfigurations = (
				B4A7846E257026BC007CBB78 /* Debug */,
				B4A7846F257026BC007CBB78 /* Release */,
			);
			defaultConfigurationIsVisible = 0;
			defaultConfigurationName = Release;
		};
/* End XCConfigurationList section */

/* Begin XCRemoteSwiftPackageReference section */
		B47242802577F3920031AFFC /* XCRemoteSwiftPackageReference "Agrume" */ = {
			isa = XCRemoteSwiftPackageReference;
			repositoryURL = "https://github.com/JanGorman/Agrume.git";
			requirement = {
				kind = upToNextMajorVersion;
				minimumVersion = 5.6.11;
			};
		};
		B4D6C87C2573F8FA00DAEFC1 /* XCRemoteSwiftPackageReference "Nuke" */ = {
			isa = XCRemoteSwiftPackageReference;
			repositoryURL = "https://github.com/kean/Nuke.git";
			requirement = {
				kind = upToNextMajorVersion;
				minimumVersion = 9.2.0;
			};
		};
/* End XCRemoteSwiftPackageReference section */

/* Begin XCSwiftPackageProductDependency section */
		B47242812577F3920031AFFC /* Agrume */ = {
			isa = XCSwiftPackageProductDependency;
			package = B47242802577F3920031AFFC /* XCRemoteSwiftPackageReference "Agrume" */;
			productName = Agrume;
		};
		B4D6C87D2573F8FA00DAEFC1 /* Nuke */ = {
			isa = XCSwiftPackageProductDependency;
			package = B4D6C87C2573F8FA00DAEFC1 /* XCRemoteSwiftPackageReference "Nuke" */;
			productName = Nuke;
		};
/* End XCSwiftPackageProductDependency section */
	};
	rootObject = B4A78451257026BB007CBB78 /* Project object */;
}
